
Microsoft Visual Studio Solution File, Format Version 12.00
# Visual Studio Version 17
VisualStudioVersion = 17.0.32014.148
MinimumVisualStudioVersion = 10.0.40219.1
Project("{2150E333-8FDC-42A3-9474-1A3956D46DE8}") = "Libraries", "Libraries", "{34E60859-EB99-4151-9AF5-355D529D9E92}"
EndProject
Project("{2150E333-8FDC-42A3-9474-1A3956D46DE8}") = "Lessons", "Lessons", "{1E870C31-DCF9-45C9-B47B-80DC7DA6AB67}"
EndProject
Project("{9A19103F-16F7-4668-BE54-9A1E7A4F7556}") = "UseGC", "Libraries\UseGC\UseGC.csproj", "{95C52209-6FAF-41CE-939E-E1789EEAD12E}"
EndProject
Project("{9A19103F-16F7-4668-BE54-9A1E7A4F7556}") = "01Variables", "Lessons\01Variables\01Variables.csproj", "{0C887EEB-81AF-4848-8584-C132A0BBDD6A}"
	ProjectSection(ProjectDependencies) = postProject
		{95C52209-6FAF-41CE-939E-E1789EEAD12E} = {95C52209-6FAF-41CE-939E-E1789EEAD12E}
	EndProjectSection
EndProject
Project("{9A19103F-16F7-4668-BE54-9A1E7A4F7556}") = "02Classes", "Lessons\02Classes\02Classes.csproj", "{8A32B7C3-7B81-41B7-918C-2787C08C68F8}"
EndProject
Project("{9A19103F-16F7-4668-BE54-9A1E7A4F7556}") = "Records", "Libraries\Records\Records.csproj", "{1A652C98-7AE8-461F-8784-57D67CD5C3A8}"
EndProject
Project("{9A19103F-16F7-4668-BE54-9A1E7A4F7556}") = "03Delegate", "Lessons\03Delegate\03Delegate.csproj", "{CEAF3F02-AEC0-4390-8B71-4ED1E83A6152}"
EndProject
Project("{9A19103F-16F7-4668-BE54-9A1E7A4F7556}") = "03Delegate.Events", "Lessons\03Delegate.Events\03Delegate.Events.csproj", "{49DCA96D-B76F-4721-9D64-FADC719A25E5}"
EndProject
Project("{9A19103F-16F7-4668-BE54-9A1E7A4F7556}") = "03Delegate.Funcs", "Lessons\03Delegate.Funcs\03Delegate.Funcs.csproj", "{88B74752-2447-4D8C-B1DB-3D4BC35D0CCC}"
EndProject
Project("{9A19103F-16F7-4668-BE54-9A1E7A4F7556}") = "04Generic", "Lessons\04Generic\04Generic.csproj", "{7F4A96D2-5B64-4553-ACBF-CFC8129E2BEB}"
EndProject
Project("{9A19103F-16F7-4668-BE54-9A1E7A4F7556}") = "05Enumerations.lab01", "Lessons\05Enumerations.lab01\05Enumerations.lab01.csproj", "{4CC55980-D0B9-4A4D-A4A5-7EE2390ACE00}"
EndProject
Project("{9A19103F-16F7-4668-BE54-9A1E7A4F7556}") = "06LINQ", "Lessons\06LINQ\06LINQ.csproj", "{447E6C1C-D13D-4E69-A299-179064761B1B}"
EndProject
Project("{9A19103F-16F7-4668-BE54-9A1E7A4F7556}") = "06LINQ.Join", "Lessons\06LINQ.Join\06LINQ.Join.csproj", "{68E100CB-F3EE-41C1-9015-F50DAF0E86C3}"
EndProject
Project("{9A19103F-16F7-4668-BE54-9A1E7A4F7556}") = "05DictionaryWithCompositeKey", "Lessons\05DictionaryWithCompositeKey\05DictionaryWithCompositeKey.csproj", "{0ABA4D31-D337-46BE-94ED-A2108C6E5851}"
EndProject
Project("{9A19103F-16F7-4668-BE54-9A1E7A4F7556}") = "06AsyncAwait", "Lessons\06AsyncAwait\06AsyncAwait.csproj", "{1904B36D-4C50-4F9A-9EF4-52811E50E77F}"
EndProject
Project("{9A19103F-16F7-4668-BE54-9A1E7A4F7556}") = "06LINQ.Aggregate", "Lessons\06LINQ.Aggregate\06LINQ.Aggregate.csproj", "{55EAAFEC-A4D0-43C4-8B0A-CB60111C2954}"
EndProject
Project("{9A19103F-16F7-4668-BE54-9A1E7A4F7556}") = "02SolidS", "Lessons\02Solid10\02SolidS.csproj", "{8E12B73D-5A14-484A-9B30-0E15CD483D6E}"
EndProject
Project("{9A19103F-16F7-4668-BE54-9A1E7A4F7556}") = "02SolidL", "Lessons\02SolidL\02SolidL.csproj", "{F1CF99BF-C0D2-4028-A935-A97423B4FFB3}"
EndProject
Project("{9A19103F-16F7-4668-BE54-9A1E7A4F7556}") = "02Classes10", "Lessons\02Classes10\02Classes10.csproj", "{FDB93C57-C582-4001-BC42-BB6B1D0B2400}"
EndProject
Project("{9A19103F-16F7-4668-BE54-9A1E7A4F7556}") = "02SolidO", "Lessons\02SolidO\02SolidO.csproj", "{70626D2D-9EEB-4095-A4B2-FE26DA38F679}"
EndProject
Project("{9A19103F-16F7-4668-BE54-9A1E7A4F7556}") = "02SolidI", "Lessons\02SolidI\02SolidI.csproj", "{E51499EA-7F18-4606-9E55-D6E10D02C0BC}"
EndProject
Project("{9A19103F-16F7-4668-BE54-9A1E7A4F7556}") = "02SolidD", "Lessons\02SolidD\02SolidD.csproj", "{F6DF8D18-13DB-44DD-9069-B4926C1B8AED}"
EndProject
Project("{9A19103F-16F7-4668-BE54-9A1E7A4F7556}") = "03_01_Delegate", "Lessons\03_01_Delegate\03_01_Delegate.csproj", "{FF41627F-04E5-40A1-BE38-A08558D9514B}"
EndProject
Project("{9A19103F-16F7-4668-BE54-9A1E7A4F7556}") = "03_02_Delegate", "Lessons\03_02_Delegate\03_02_Delegate.csproj", "{C09F1C09-4EB6-4075-87F9-BBADEE00A1B5}"
EndProject
Project("{9A19103F-16F7-4668-BE54-9A1E7A4F7556}") = "03_03_Delegate", "Lessons\03_03_Delegate\03_03_Delegate.csproj", "{E961486C-0308-454E-8DA7-27F04712C06D}"
EndProject
Project("{9A19103F-16F7-4668-BE54-9A1E7A4F7556}") = "03_04_Delegate", "Lessons\03_04_Delegate\03_04_Delegate.csproj", "{0E82D670-2EE7-4363-B944-8FBC5F042D8C}"
EndProject
Project("{2150E333-8FDC-42A3-9474-1A3956D46DE8}") = "03_Delegates", "03_Delegates", "{DFFA0AC1-1519-4B41-B4D6-0DC430CBB8A3}"
EndProject
Project("{2150E333-8FDC-42A3-9474-1A3956D46DE8}") = "02_Solid", "02_Solid", "{EE2CBBD6-C3E5-4E05-B6CC-49C5FA730D52}"
EndProject
Project("{9A19103F-16F7-4668-BE54-9A1E7A4F7556}") = "03_00_Delegate", "Lessons\03_00_Delegate\03_00_Delegate.csproj", "{E2B71204-3227-4102-B08F-4A01516004E7}"
EndProject
Project("{9A19103F-16F7-4668-BE54-9A1E7A4F7556}") = "03_05_Delegate", "Lessons\03_05_Delegate\03_05_Delegate.csproj", "{3F9CB67D-22A2-4914-809F-D9A4243485DE}"
EndProject
Project("{9A19103F-16F7-4668-BE54-9A1E7A4F7556}") = "03_06_Delegate", "Lessons\03_06_Delegate\03_06_Delegate.csproj", "{89D0DCB9-1294-4EA3-99BE-5E64376E03FA}"
EndProject
Project("{9A19103F-16F7-4668-BE54-9A1E7A4F7556}") = "03_07_Delegate", "Lessons\03_07_Delegate\03_07_Delegate.csproj", "{788B8A3A-2E8E-4833-A26E-B109EE8D0745}"
EndProject
Project("{9A19103F-16F7-4668-BE54-9A1E7A4F7556}") = "03_08_Delegate", "Lessons\03_08_Delegate\03_08_Delegate.csproj", "{5CEBF5CD-9CE9-4663-BB78-60477BB73286}"
EndProject
Project("{9A19103F-16F7-4668-BE54-9A1E7A4F7556}") = "03_09_Delegate", "Lessons\03_09_Delegate\03_09_Delegate.csproj", "{A90DE91F-E571-461A-AF20-13B7543A8BC0}"
EndProject
Project("{9A19103F-16F7-4668-BE54-9A1E7A4F7556}") = "03_10_Delegate", "Lessons\03_10_Delegate\03_10_Delegate.csproj", "{5E3F520E-A032-4EF4-9BD7-756B2AA9318B}"
EndProject
Project("{9A19103F-16F7-4668-BE54-9A1E7A4F7556}") = "03_11_Delegate", "Lessons\03_11_Delegate\03_11_Delegate.csproj", "{C8418EFF-388C-4684-86EC-EBB49F54C538}"
EndProject
Project("{2150E333-8FDC-42A3-9474-1A3956D46DE8}") = "04_Generics", "04_Generics", "{A3ED559C-C722-45AE-AEAD-046AA27A707D}"
EndProject
Project("{9A19103F-16F7-4668-BE54-9A1E7A4F7556}") = "04_01_Generics", "Lessons\04_01_Generics\04_01_Generics.csproj", "{85E41A85-3AE4-43A6-9BAB-BDA6F0D22419}"
EndProject
Project("{9A19103F-16F7-4668-BE54-9A1E7A4F7556}") = "04_02_Generics", "Lessons\04_02_Generics\04_02_Generics.csproj", "{802E82DE-8824-435D-A715-6D109DF01F00}"
EndProject
Project("{9A19103F-16F7-4668-BE54-9A1E7A4F7556}") = "04_03_Generics", "Lessons\04_03_Generics\04_03_Generics.csproj", "{652B6960-4447-478C-BC64-A5AF2A651922}"
EndProject
Project("{9A19103F-16F7-4668-BE54-9A1E7A4F7556}") = "04_04_Generics", "Lessons\04_04_Generics\04_04_Generics.csproj", "{160F6740-3402-4539-8582-EDCDF0DE8270}"
EndProject
Project("{9A19103F-16F7-4668-BE54-9A1E7A4F7556}") = "04_05_Generics", "Lessons\04_05_Generics\04_05_Generics.csproj", "{9028EA46-B26D-45E1-BBBB-E32BDE90DD1A}"
EndProject
Project("{9A19103F-16F7-4668-BE54-9A1E7A4F7556}") = "04_06_Generics", "Lessons\04_06_Generics\04_06_Generics.csproj", "{87FD6876-4FD9-4A6D-AC7E-003F483C459D}"
EndProject
Project("{9A19103F-16F7-4668-BE54-9A1E7A4F7556}") = "04_07_Generics", "Lessons\04_07_Generics\04_07_Generics.csproj", "{09560000-7CFC-423D-B1A2-7B5DAB778F45}"
EndProject
Project("{9A19103F-16F7-4668-BE54-9A1E7A4F7556}") = "04_08_Generics", "Lessons\04_08_Generics\04_08_Generics.csproj", "{4D314C66-BE16-40E1-B2EB-85ACE84F067E}"
EndProject
Project("{9A19103F-16F7-4668-BE54-9A1E7A4F7556}") = "04_09_Generics", "Lessons\04_09_Generics\04_09_Generics.csproj", "{DDA7C3B8-062C-422B-B4A3-DEBC574303C6}"
EndProject
Project("{9A19103F-16F7-4668-BE54-9A1E7A4F7556}") = "04_08_Generics.Release", "Lessons\04_08_ release_Generics\04_08_Generics.Release.csproj", "{4B0D4ACF-AEF9-46C0-B381-8B90142CE410}"
EndProject
Project("{9A19103F-16F7-4668-BE54-9A1E7A4F7556}") = "04_07_Generics.Release", "Lessons\04_07_ release_Generics\04_07_Generics.Release.csproj", "{0A634B8F-0DFD-4F9E-BAF3-93BAE8911047}"
EndProject
Project("{9A19103F-16F7-4668-BE54-9A1E7A4F7556}") = "04_10_Generics", "Lessons\04_10_Generics\04_10_Generics.csproj", "{C836B9BD-2ECD-4D7C-A852-09E88C0642B0}"
EndProject
Project("{9A19103F-16F7-4668-BE54-9A1E7A4F7556}") = "04_MetanitGenerics", "Lessons\04_MetanitGenerics\04_MetanitGenerics.csproj", "{7E458C7C-5240-4656-9E85-65833F5B4E9D}"
EndProject
Project("{2150E333-8FDC-42A3-9474-1A3956D46DE8}") = "05_01_Yield", "05_01_Yield", "{F0C7AE2B-F09A-4515-901B-42DD06B171E6}"
EndProject
Project("{9A19103F-16F7-4668-BE54-9A1E7A4F7556}") = "01Yield", "Lessons\Yield\01Yield.csproj", "{C5EC316E-5D52-460C-8938-82DBF5B8A589}"
EndProject
Project("{9A19103F-16F7-4668-BE54-9A1E7A4F7556}") = "02Yield", "Lessons\02Yield\02Yield.csproj", "{AC3BC20A-A3E9-4984-BFD3-D149F439D12F}"
EndProject
Project("{9A19103F-16F7-4668-BE54-9A1E7A4F7556}") = "03Yield", "Lessons\03Yield\03Yield.csproj", "{00357F6D-CA6F-49A1-B027-AC319450AC33}"
EndProject
Project("{9A19103F-16F7-4668-BE54-9A1E7A4F7556}") = "04Yield", "Lessons\04Yield\04Yield.csproj", "{8872C87F-1CF1-4955-A02B-D779A6041D92}"
EndProject
Project("{2150E333-8FDC-42A3-9474-1A3956D46DE8}") = "05_Generics", "05_Generics", "{9ACA0681-556F-4EDB-A0C9-B04B4271B002}"
EndProject
Project("{9A19103F-16F7-4668-BE54-9A1E7A4F7556}") = "SimpleVsGeneric", "Lessons\SimpleVsGeneric\SimpleVsGeneric.csproj", "{AC5A02DA-C404-485F-84F4-469E75675F12}"
EndProject
Project("{9A19103F-16F7-4668-BE54-9A1E7A4F7556}") = "GenericsTest", "Lessons\GenericsTest\GenericsTest.csproj", "{71365983-C11F-458E-89EA-BC2CEDB8C431}"
EndProject
Project("{9A19103F-16F7-4668-BE54-9A1E7A4F7556}") = "03Delegate.Events.Release", "Lessons\03Delegate.Events.Release\03Delegate.Events.Release.csproj", "{CE380B5F-85FB-4512-BF1F-155851225C11}"
EndProject
Project("{9A19103F-16F7-4668-BE54-9A1E7A4F7556}") = "03Delegate.Events.Wpf.MVP", "Lessons\03Delegate.Events.Wpf.MVP\03Delegate.Events.Wpf.MVP.csproj", "{8EEE98C4-473C-42D4-A2C2-739028534E8A}"
EndProject
Project("{9A19103F-16F7-4668-BE54-9A1E7A4F7556}") = "05_00UserCollection", "Lessons\UserCollection\05_00UserCollection.csproj", "{939E4334-99F3-43A0-91F2-05A53E1EF976}"
EndProject
Project("{9A19103F-16F7-4668-BE54-9A1E7A4F7556}") = "05_01Enumerations.Index", "Lessons\05Enumerations.Index\05_01Enumerations.Index.csproj", "{4B4023C9-99F6-4403-B89F-37618BA50803}"
EndProject
Project("{9A19103F-16F7-4668-BE54-9A1E7A4F7556}") = "05_02Enumerations.Index", "Lessons\05Enumerables\05_02Enumerations.Index.csproj", "{AE200296-698C-47E8-8A88-3EFDF471BF59}"
EndProject
Project("{9A19103F-16F7-4668-BE54-9A1E7A4F7556}") = "05Enumerations.Extension", "Lessons\05Enumerations.Extension\05Enumerations.Extension.csproj", "{63F77FCD-AD3A-4158-A38F-290CD97E0CCD}"
EndProject
Project("{9A19103F-16F7-4668-BE54-9A1E7A4F7556}") = "05Sorted", "Lessons\05SortedDictionary\05Sorted.csproj", "{4EC5B72F-52EB-429F-ABEB-CE143A7986FD}"
EndProject
Global
	GlobalSection(SolutionConfigurationPlatforms) = preSolution
		Debug|Any CPU = Debug|Any CPU
		Release|Any CPU = Release|Any CPU
	EndGlobalSection
	GlobalSection(ProjectConfigurationPlatforms) = postSolution
		{95C52209-6FAF-41CE-939E-E1789EEAD12E}.Debug|Any CPU.ActiveCfg = Debug|Any CPU
		{95C52209-6FAF-41CE-939E-E1789EEAD12E}.Debug|Any CPU.Build.0 = Debug|Any CPU
		{95C52209-6FAF-41CE-939E-E1789EEAD12E}.Release|Any CPU.ActiveCfg = Release|Any CPU
		{95C52209-6FAF-41CE-939E-E1789EEAD12E}.Release|Any CPU.Build.0 = Release|Any CPU
		{0C887EEB-81AF-4848-8584-C132A0BBDD6A}.Debug|Any CPU.ActiveCfg = Debug|Any CPU
		{0C887EEB-81AF-4848-8584-C132A0BBDD6A}.Debug|Any CPU.Build.0 = Debug|Any CPU
		{0C887EEB-81AF-4848-8584-C132A0BBDD6A}.Release|Any CPU.ActiveCfg = Release|Any CPU
		{0C887EEB-81AF-4848-8584-C132A0BBDD6A}.Release|Any CPU.Build.0 = Release|Any CPU
		{8A32B7C3-7B81-41B7-918C-2787C08C68F8}.Debug|Any CPU.ActiveCfg = Debug|Any CPU
		{8A32B7C3-7B81-41B7-918C-2787C08C68F8}.Debug|Any CPU.Build.0 = Debug|Any CPU
		{8A32B7C3-7B81-41B7-918C-2787C08C68F8}.Release|Any CPU.ActiveCfg = Release|Any CPU
		{8A32B7C3-7B81-41B7-918C-2787C08C68F8}.Release|Any CPU.Build.0 = Release|Any CPU
		{1A652C98-7AE8-461F-8784-57D67CD5C3A8}.Debug|Any CPU.ActiveCfg = Debug|Any CPU
		{1A652C98-7AE8-461F-8784-57D67CD5C3A8}.Debug|Any CPU.Build.0 = Debug|Any CPU
		{1A652C98-7AE8-461F-8784-57D67CD5C3A8}.Release|Any CPU.ActiveCfg = Release|Any CPU
		{1A652C98-7AE8-461F-8784-57D67CD5C3A8}.Release|Any CPU.Build.0 = Release|Any CPU
		{CEAF3F02-AEC0-4390-8B71-4ED1E83A6152}.Debug|Any CPU.ActiveCfg = Debug|Any CPU
		{CEAF3F02-AEC0-4390-8B71-4ED1E83A6152}.Debug|Any CPU.Build.0 = Debug|Any CPU
		{CEAF3F02-AEC0-4390-8B71-4ED1E83A6152}.Release|Any CPU.ActiveCfg = Release|Any CPU
		{CEAF3F02-AEC0-4390-8B71-4ED1E83A6152}.Release|Any CPU.Build.0 = Release|Any CPU
		{49DCA96D-B76F-4721-9D64-FADC719A25E5}.Debug|Any CPU.ActiveCfg = Debug|Any CPU
		{49DCA96D-B76F-4721-9D64-FADC719A25E5}.Debug|Any CPU.Build.0 = Debug|Any CPU
		{49DCA96D-B76F-4721-9D64-FADC719A25E5}.Release|Any CPU.ActiveCfg = Release|Any CPU
		{49DCA96D-B76F-4721-9D64-FADC719A25E5}.Release|Any CPU.Build.0 = Release|Any CPU
		{88B74752-2447-4D8C-B1DB-3D4BC35D0CCC}.Debug|Any CPU.ActiveCfg = Debug|Any CPU
		{88B74752-2447-4D8C-B1DB-3D4BC35D0CCC}.Debug|Any CPU.Build.0 = Debug|Any CPU
		{88B74752-2447-4D8C-B1DB-3D4BC35D0CCC}.Release|Any CPU.ActiveCfg = Release|Any CPU
		{88B74752-2447-4D8C-B1DB-3D4BC35D0CCC}.Release|Any CPU.Build.0 = Release|Any CPU
		{7F4A96D2-5B64-4553-ACBF-CFC8129E2BEB}.Debug|Any CPU.ActiveCfg = Debug|Any CPU
		{7F4A96D2-5B64-4553-ACBF-CFC8129E2BEB}.Debug|Any CPU.Build.0 = Debug|Any CPU
		{7F4A96D2-5B64-4553-ACBF-CFC8129E2BEB}.Release|Any CPU.ActiveCfg = Release|Any CPU
		{7F4A96D2-5B64-4553-ACBF-CFC8129E2BEB}.Release|Any CPU.Build.0 = Release|Any CPU
		{4CC55980-D0B9-4A4D-A4A5-7EE2390ACE00}.Debug|Any CPU.ActiveCfg = Debug|Any CPU
		{4CC55980-D0B9-4A4D-A4A5-7EE2390ACE00}.Debug|Any CPU.Build.0 = Debug|Any CPU
		{4CC55980-D0B9-4A4D-A4A5-7EE2390ACE00}.Release|Any CPU.ActiveCfg = Release|Any CPU
		{4CC55980-D0B9-4A4D-A4A5-7EE2390ACE00}.Release|Any CPU.Build.0 = Release|Any CPU
		{447E6C1C-D13D-4E69-A299-179064761B1B}.Debug|Any CPU.ActiveCfg = Debug|Any CPU
		{447E6C1C-D13D-4E69-A299-179064761B1B}.Debug|Any CPU.Build.0 = Debug|Any CPU
		{447E6C1C-D13D-4E69-A299-179064761B1B}.Release|Any CPU.ActiveCfg = Release|Any CPU
		{447E6C1C-D13D-4E69-A299-179064761B1B}.Release|Any CPU.Build.0 = Release|Any CPU
		{68E100CB-F3EE-41C1-9015-F50DAF0E86C3}.Debug|Any CPU.ActiveCfg = Debug|Any CPU
		{68E100CB-F3EE-41C1-9015-F50DAF0E86C3}.Debug|Any CPU.Build.0 = Debug|Any CPU
		{68E100CB-F3EE-41C1-9015-F50DAF0E86C3}.Release|Any CPU.ActiveCfg = Release|Any CPU
		{68E100CB-F3EE-41C1-9015-F50DAF0E86C3}.Release|Any CPU.Build.0 = Release|Any CPU
		{0ABA4D31-D337-46BE-94ED-A2108C6E5851}.Debug|Any CPU.ActiveCfg = Debug|Any CPU
		{0ABA4D31-D337-46BE-94ED-A2108C6E5851}.Debug|Any CPU.Build.0 = Debug|Any CPU
		{0ABA4D31-D337-46BE-94ED-A2108C6E5851}.Release|Any CPU.ActiveCfg = Release|Any CPU
		{0ABA4D31-D337-46BE-94ED-A2108C6E5851}.Release|Any CPU.Build.0 = Release|Any CPU
		{1904B36D-4C50-4F9A-9EF4-52811E50E77F}.Debug|Any CPU.ActiveCfg = Debug|Any CPU
		{1904B36D-4C50-4F9A-9EF4-52811E50E77F}.Debug|Any CPU.Build.0 = Debug|Any CPU
		{1904B36D-4C50-4F9A-9EF4-52811E50E77F}.Release|Any CPU.ActiveCfg = Release|Any CPU
		{1904B36D-4C50-4F9A-9EF4-52811E50E77F}.Release|Any CPU.Build.0 = Release|Any CPU
		{55EAAFEC-A4D0-43C4-8B0A-CB60111C2954}.Debug|Any CPU.ActiveCfg = Debug|Any CPU
		{55EAAFEC-A4D0-43C4-8B0A-CB60111C2954}.Debug|Any CPU.Build.0 = Debug|Any CPU
		{55EAAFEC-A4D0-43C4-8B0A-CB60111C2954}.Release|Any CPU.ActiveCfg = Release|Any CPU
		{55EAAFEC-A4D0-43C4-8B0A-CB60111C2954}.Release|Any CPU.Build.0 = Release|Any CPU
		{8E12B73D-5A14-484A-9B30-0E15CD483D6E}.Debug|Any CPU.ActiveCfg = Debug|Any CPU
		{8E12B73D-5A14-484A-9B30-0E15CD483D6E}.Debug|Any CPU.Build.0 = Debug|Any CPU
		{8E12B73D-5A14-484A-9B30-0E15CD483D6E}.Release|Any CPU.ActiveCfg = Release|Any CPU
		{8E12B73D-5A14-484A-9B30-0E15CD483D6E}.Release|Any CPU.Build.0 = Release|Any CPU
		{F1CF99BF-C0D2-4028-A935-A97423B4FFB3}.Debug|Any CPU.ActiveCfg = Debug|Any CPU
		{F1CF99BF-C0D2-4028-A935-A97423B4FFB3}.Debug|Any CPU.Build.0 = Debug|Any CPU
		{F1CF99BF-C0D2-4028-A935-A97423B4FFB3}.Release|Any CPU.ActiveCfg = Release|Any CPU
		{F1CF99BF-C0D2-4028-A935-A97423B4FFB3}.Release|Any CPU.Build.0 = Release|Any CPU
		{FDB93C57-C582-4001-BC42-BB6B1D0B2400}.Debug|Any CPU.ActiveCfg = Debug|Any CPU
		{FDB93C57-C582-4001-BC42-BB6B1D0B2400}.Debug|Any CPU.Build.0 = Debug|Any CPU
		{FDB93C57-C582-4001-BC42-BB6B1D0B2400}.Release|Any CPU.ActiveCfg = Release|Any CPU
		{FDB93C57-C582-4001-BC42-BB6B1D0B2400}.Release|Any CPU.Build.0 = Release|Any CPU
		{70626D2D-9EEB-4095-A4B2-FE26DA38F679}.Debug|Any CPU.ActiveCfg = Debug|Any CPU
		{70626D2D-9EEB-4095-A4B2-FE26DA38F679}.Debug|Any CPU.Build.0 = Debug|Any CPU
		{70626D2D-9EEB-4095-A4B2-FE26DA38F679}.Release|Any CPU.ActiveCfg = Release|Any CPU
		{70626D2D-9EEB-4095-A4B2-FE26DA38F679}.Release|Any CPU.Build.0 = Release|Any CPU
		{E51499EA-7F18-4606-9E55-D6E10D02C0BC}.Debug|Any CPU.ActiveCfg = Debug|Any CPU
		{E51499EA-7F18-4606-9E55-D6E10D02C0BC}.Debug|Any CPU.Build.0 = Debug|Any CPU
		{E51499EA-7F18-4606-9E55-D6E10D02C0BC}.Release|Any CPU.ActiveCfg = Release|Any CPU
		{E51499EA-7F18-4606-9E55-D6E10D02C0BC}.Release|Any CPU.Build.0 = Release|Any CPU
		{F6DF8D18-13DB-44DD-9069-B4926C1B8AED}.Debug|Any CPU.ActiveCfg = Debug|Any CPU
		{F6DF8D18-13DB-44DD-9069-B4926C1B8AED}.Debug|Any CPU.Build.0 = Debug|Any CPU
		{F6DF8D18-13DB-44DD-9069-B4926C1B8AED}.Release|Any CPU.ActiveCfg = Release|Any CPU
		{F6DF8D18-13DB-44DD-9069-B4926C1B8AED}.Release|Any CPU.Build.0 = Release|Any CPU
		{FF41627F-04E5-40A1-BE38-A08558D9514B}.Debug|Any CPU.ActiveCfg = Debug|Any CPU
		{FF41627F-04E5-40A1-BE38-A08558D9514B}.Debug|Any CPU.Build.0 = Debug|Any CPU
		{FF41627F-04E5-40A1-BE38-A08558D9514B}.Release|Any CPU.ActiveCfg = Release|Any CPU
		{FF41627F-04E5-40A1-BE38-A08558D9514B}.Release|Any CPU.Build.0 = Release|Any CPU
		{C09F1C09-4EB6-4075-87F9-BBADEE00A1B5}.Debug|Any CPU.ActiveCfg = Debug|Any CPU
		{C09F1C09-4EB6-4075-87F9-BBADEE00A1B5}.Debug|Any CPU.Build.0 = Debug|Any CPU
		{C09F1C09-4EB6-4075-87F9-BBADEE00A1B5}.Release|Any CPU.ActiveCfg = Release|Any CPU
		{C09F1C09-4EB6-4075-87F9-BBADEE00A1B5}.Release|Any CPU.Build.0 = Release|Any CPU
		{E961486C-0308-454E-8DA7-27F04712C06D}.Debug|Any CPU.ActiveCfg = Debug|Any CPU
		{E961486C-0308-454E-8DA7-27F04712C06D}.Debug|Any CPU.Build.0 = Debug|Any CPU
		{E961486C-0308-454E-8DA7-27F04712C06D}.Release|Any CPU.ActiveCfg = Release|Any CPU
		{E961486C-0308-454E-8DA7-27F04712C06D}.Release|Any CPU.Build.0 = Release|Any CPU
		{0E82D670-2EE7-4363-B944-8FBC5F042D8C}.Debug|Any CPU.ActiveCfg = Debug|Any CPU
		{0E82D670-2EE7-4363-B944-8FBC5F042D8C}.Debug|Any CPU.Build.0 = Debug|Any CPU
		{0E82D670-2EE7-4363-B944-8FBC5F042D8C}.Release|Any CPU.ActiveCfg = Release|Any CPU
		{0E82D670-2EE7-4363-B944-8FBC5F042D8C}.Release|Any CPU.Build.0 = Release|Any CPU
		{E2B71204-3227-4102-B08F-4A01516004E7}.Debug|Any CPU.ActiveCfg = Debug|Any CPU
		{E2B71204-3227-4102-B08F-4A01516004E7}.Debug|Any CPU.Build.0 = Debug|Any CPU
		{E2B71204-3227-4102-B08F-4A01516004E7}.Release|Any CPU.ActiveCfg = Release|Any CPU
		{E2B71204-3227-4102-B08F-4A01516004E7}.Release|Any CPU.Build.0 = Release|Any CPU
		{3F9CB67D-22A2-4914-809F-D9A4243485DE}.Debug|Any CPU.ActiveCfg = Debug|Any CPU
		{3F9CB67D-22A2-4914-809F-D9A4243485DE}.Debug|Any CPU.Build.0 = Debug|Any CPU
		{3F9CB67D-22A2-4914-809F-D9A4243485DE}.Release|Any CPU.ActiveCfg = Release|Any CPU
		{3F9CB67D-22A2-4914-809F-D9A4243485DE}.Release|Any CPU.Build.0 = Release|Any CPU
		{89D0DCB9-1294-4EA3-99BE-5E64376E03FA}.Debug|Any CPU.ActiveCfg = Debug|Any CPU
		{89D0DCB9-1294-4EA3-99BE-5E64376E03FA}.Debug|Any CPU.Build.0 = Debug|Any CPU
		{89D0DCB9-1294-4EA3-99BE-5E64376E03FA}.Release|Any CPU.ActiveCfg = Release|Any CPU
		{89D0DCB9-1294-4EA3-99BE-5E64376E03FA}.Release|Any CPU.Build.0 = Release|Any CPU
		{788B8A3A-2E8E-4833-A26E-B109EE8D0745}.Debug|Any CPU.ActiveCfg = Debug|Any CPU
		{788B8A3A-2E8E-4833-A26E-B109EE8D0745}.Debug|Any CPU.Build.0 = Debug|Any CPU
		{788B8A3A-2E8E-4833-A26E-B109EE8D0745}.Release|Any CPU.ActiveCfg = Release|Any CPU
		{788B8A3A-2E8E-4833-A26E-B109EE8D0745}.Release|Any CPU.Build.0 = Release|Any CPU
		{5CEBF5CD-9CE9-4663-BB78-60477BB73286}.Debug|Any CPU.ActiveCfg = Debug|Any CPU
		{5CEBF5CD-9CE9-4663-BB78-60477BB73286}.Debug|Any CPU.Build.0 = Debug|Any CPU
		{5CEBF5CD-9CE9-4663-BB78-60477BB73286}.Release|Any CPU.ActiveCfg = Release|Any CPU
		{5CEBF5CD-9CE9-4663-BB78-60477BB73286}.Release|Any CPU.Build.0 = Release|Any CPU
		{A90DE91F-E571-461A-AF20-13B7543A8BC0}.Debug|Any CPU.ActiveCfg = Debug|Any CPU
		{A90DE91F-E571-461A-AF20-13B7543A8BC0}.Debug|Any CPU.Build.0 = Debug|Any CPU
		{A90DE91F-E571-461A-AF20-13B7543A8BC0}.Release|Any CPU.ActiveCfg = Release|Any CPU
		{A90DE91F-E571-461A-AF20-13B7543A8BC0}.Release|Any CPU.Build.0 = Release|Any CPU
		{5E3F520E-A032-4EF4-9BD7-756B2AA9318B}.Debug|Any CPU.ActiveCfg = Debug|Any CPU
		{5E3F520E-A032-4EF4-9BD7-756B2AA9318B}.Debug|Any CPU.Build.0 = Debug|Any CPU
		{5E3F520E-A032-4EF4-9BD7-756B2AA9318B}.Release|Any CPU.ActiveCfg = Release|Any CPU
		{5E3F520E-A032-4EF4-9BD7-756B2AA9318B}.Release|Any CPU.Build.0 = Release|Any CPU
		{C8418EFF-388C-4684-86EC-EBB49F54C538}.Debug|Any CPU.ActiveCfg = Debug|Any CPU
		{C8418EFF-388C-4684-86EC-EBB49F54C538}.Debug|Any CPU.Build.0 = Debug|Any CPU
		{C8418EFF-388C-4684-86EC-EBB49F54C538}.Release|Any CPU.ActiveCfg = Release|Any CPU
		{C8418EFF-388C-4684-86EC-EBB49F54C538}.Release|Any CPU.Build.0 = Release|Any CPU
		{85E41A85-3AE4-43A6-9BAB-BDA6F0D22419}.Debug|Any CPU.ActiveCfg = Debug|Any CPU
		{85E41A85-3AE4-43A6-9BAB-BDA6F0D22419}.Debug|Any CPU.Build.0 = Debug|Any CPU
		{85E41A85-3AE4-43A6-9BAB-BDA6F0D22419}.Release|Any CPU.ActiveCfg = Release|Any CPU
		{85E41A85-3AE4-43A6-9BAB-BDA6F0D22419}.Release|Any CPU.Build.0 = Release|Any CPU
		{802E82DE-8824-435D-A715-6D109DF01F00}.Debug|Any CPU.ActiveCfg = Debug|Any CPU
		{802E82DE-8824-435D-A715-6D109DF01F00}.Debug|Any CPU.Build.0 = Debug|Any CPU
		{802E82DE-8824-435D-A715-6D109DF01F00}.Release|Any CPU.ActiveCfg = Release|Any CPU
		{802E82DE-8824-435D-A715-6D109DF01F00}.Release|Any CPU.Build.0 = Release|Any CPU
		{652B6960-4447-478C-BC64-A5AF2A651922}.Debug|Any CPU.ActiveCfg = Debug|Any CPU
		{652B6960-4447-478C-BC64-A5AF2A651922}.Debug|Any CPU.Build.0 = Debug|Any CPU
		{652B6960-4447-478C-BC64-A5AF2A651922}.Release|Any CPU.ActiveCfg = Release|Any CPU
		{652B6960-4447-478C-BC64-A5AF2A651922}.Release|Any CPU.Build.0 = Release|Any CPU
		{160F6740-3402-4539-8582-EDCDF0DE8270}.Debug|Any CPU.ActiveCfg = Debug|Any CPU
		{160F6740-3402-4539-8582-EDCDF0DE8270}.Debug|Any CPU.Build.0 = Debug|Any CPU
		{160F6740-3402-4539-8582-EDCDF0DE8270}.Release|Any CPU.ActiveCfg = Release|Any CPU
		{160F6740-3402-4539-8582-EDCDF0DE8270}.Release|Any CPU.Build.0 = Release|Any CPU
		{9028EA46-B26D-45E1-BBBB-E32BDE90DD1A}.Debug|Any CPU.ActiveCfg = Debug|Any CPU
		{9028EA46-B26D-45E1-BBBB-E32BDE90DD1A}.Debug|Any CPU.Build.0 = Debug|Any CPU
		{9028EA46-B26D-45E1-BBBB-E32BDE90DD1A}.Release|Any CPU.ActiveCfg = Release|Any CPU
		{9028EA46-B26D-45E1-BBBB-E32BDE90DD1A}.Release|Any CPU.Build.0 = Release|Any CPU
		{87FD6876-4FD9-4A6D-AC7E-003F483C459D}.Debug|Any CPU.ActiveCfg = Debug|Any CPU
		{87FD6876-4FD9-4A6D-AC7E-003F483C459D}.Debug|Any CPU.Build.0 = Debug|Any CPU
		{87FD6876-4FD9-4A6D-AC7E-003F483C459D}.Release|Any CPU.ActiveCfg = Release|Any CPU
		{87FD6876-4FD9-4A6D-AC7E-003F483C459D}.Release|Any CPU.Build.0 = Release|Any CPU
		{09560000-7CFC-423D-B1A2-7B5DAB778F45}.Debug|Any CPU.ActiveCfg = Debug|Any CPU
		{09560000-7CFC-423D-B1A2-7B5DAB778F45}.Debug|Any CPU.Build.0 = Debug|Any CPU
		{09560000-7CFC-423D-B1A2-7B5DAB778F45}.Release|Any CPU.ActiveCfg = Release|Any CPU
		{09560000-7CFC-423D-B1A2-7B5DAB778F45}.Release|Any CPU.Build.0 = Release|Any CPU
		{4D314C66-BE16-40E1-B2EB-85ACE84F067E}.Debug|Any CPU.ActiveCfg = Debug|Any CPU
		{4D314C66-BE16-40E1-B2EB-85ACE84F067E}.Debug|Any CPU.Build.0 = Debug|Any CPU
		{4D314C66-BE16-40E1-B2EB-85ACE84F067E}.Release|Any CPU.ActiveCfg = Release|Any CPU
		{4D314C66-BE16-40E1-B2EB-85ACE84F067E}.Release|Any CPU.Build.0 = Release|Any CPU
		{DDA7C3B8-062C-422B-B4A3-DEBC574303C6}.Debug|Any CPU.ActiveCfg = Debug|Any CPU
		{DDA7C3B8-062C-422B-B4A3-DEBC574303C6}.Debug|Any CPU.Build.0 = Debug|Any CPU
		{DDA7C3B8-062C-422B-B4A3-DEBC574303C6}.Release|Any CPU.ActiveCfg = Release|Any CPU
		{DDA7C3B8-062C-422B-B4A3-DEBC574303C6}.Release|Any CPU.Build.0 = Release|Any CPU
		{4B0D4ACF-AEF9-46C0-B381-8B90142CE410}.Debug|Any CPU.ActiveCfg = Debug|Any CPU
		{4B0D4ACF-AEF9-46C0-B381-8B90142CE410}.Debug|Any CPU.Build.0 = Debug|Any CPU
		{4B0D4ACF-AEF9-46C0-B381-8B90142CE410}.Release|Any CPU.ActiveCfg = Release|Any CPU
		{4B0D4ACF-AEF9-46C0-B381-8B90142CE410}.Release|Any CPU.Build.0 = Release|Any CPU
		{0A634B8F-0DFD-4F9E-BAF3-93BAE8911047}.Debug|Any CPU.ActiveCfg = Debug|Any CPU
		{0A634B8F-0DFD-4F9E-BAF3-93BAE8911047}.Debug|Any CPU.Build.0 = Debug|Any CPU
		{0A634B8F-0DFD-4F9E-BAF3-93BAE8911047}.Release|Any CPU.ActiveCfg = Release|Any CPU
		{0A634B8F-0DFD-4F9E-BAF3-93BAE8911047}.Release|Any CPU.Build.0 = Release|Any CPU
		{C836B9BD-2ECD-4D7C-A852-09E88C0642B0}.Debug|Any CPU.ActiveCfg = Debug|Any CPU
		{C836B9BD-2ECD-4D7C-A852-09E88C0642B0}.Debug|Any CPU.Build.0 = Debug|Any CPU
		{C836B9BD-2ECD-4D7C-A852-09E88C0642B0}.Release|Any CPU.ActiveCfg = Release|Any CPU
		{C836B9BD-2ECD-4D7C-A852-09E88C0642B0}.Release|Any CPU.Build.0 = Release|Any CPU
		{7E458C7C-5240-4656-9E85-65833F5B4E9D}.Debug|Any CPU.ActiveCfg = Debug|Any CPU
		{7E458C7C-5240-4656-9E85-65833F5B4E9D}.Debug|Any CPU.Build.0 = Debug|Any CPU
		{7E458C7C-5240-4656-9E85-65833F5B4E9D}.Release|Any CPU.ActiveCfg = Release|Any CPU
		{7E458C7C-5240-4656-9E85-65833F5B4E9D}.Release|Any CPU.Build.0 = Release|Any CPU
		{C5EC316E-5D52-460C-8938-82DBF5B8A589}.Debug|Any CPU.ActiveCfg = Debug|Any CPU
		{C5EC316E-5D52-460C-8938-82DBF5B8A589}.Debug|Any CPU.Build.0 = Debug|Any CPU
		{C5EC316E-5D52-460C-8938-82DBF5B8A589}.Release|Any CPU.ActiveCfg = Release|Any CPU
		{C5EC316E-5D52-460C-8938-82DBF5B8A589}.Release|Any CPU.Build.0 = Release|Any CPU
		{AC3BC20A-A3E9-4984-BFD3-D149F439D12F}.Debug|Any CPU.ActiveCfg = Debug|Any CPU
		{AC3BC20A-A3E9-4984-BFD3-D149F439D12F}.Debug|Any CPU.Build.0 = Debug|Any CPU
		{AC3BC20A-A3E9-4984-BFD3-D149F439D12F}.Release|Any CPU.ActiveCfg = Release|Any CPU
		{AC3BC20A-A3E9-4984-BFD3-D149F439D12F}.Release|Any CPU.Build.0 = Release|Any CPU
		{00357F6D-CA6F-49A1-B027-AC319450AC33}.Debug|Any CPU.ActiveCfg = Debug|Any CPU
		{00357F6D-CA6F-49A1-B027-AC319450AC33}.Debug|Any CPU.Build.0 = Debug|Any CPU
		{00357F6D-CA6F-49A1-B027-AC319450AC33}.Release|Any CPU.ActiveCfg = Release|Any CPU
		{00357F6D-CA6F-49A1-B027-AC319450AC33}.Release|Any CPU.Build.0 = Release|Any CPU
		{8872C87F-1CF1-4955-A02B-D779A6041D92}.Debug|Any CPU.ActiveCfg = Debug|Any CPU
		{8872C87F-1CF1-4955-A02B-D779A6041D92}.Debug|Any CPU.Build.0 = Debug|Any CPU
		{8872C87F-1CF1-4955-A02B-D779A6041D92}.Release|Any CPU.ActiveCfg = Release|Any CPU
		{8872C87F-1CF1-4955-A02B-D779A6041D92}.Release|Any CPU.Build.0 = Release|Any CPU
		{AC5A02DA-C404-485F-84F4-469E75675F12}.Debug|Any CPU.ActiveCfg = Debug|Any CPU
		{AC5A02DA-C404-485F-84F4-469E75675F12}.Debug|Any CPU.Build.0 = Debug|Any CPU
		{AC5A02DA-C404-485F-84F4-469E75675F12}.Release|Any CPU.ActiveCfg = Release|Any CPU
		{AC5A02DA-C404-485F-84F4-469E75675F12}.Release|Any CPU.Build.0 = Release|Any CPU
		{71365983-C11F-458E-89EA-BC2CEDB8C431}.Debug|Any CPU.ActiveCfg = Debug|Any CPU
		{71365983-C11F-458E-89EA-BC2CEDB8C431}.Debug|Any CPU.Build.0 = Debug|Any CPU
		{71365983-C11F-458E-89EA-BC2CEDB8C431}.Release|Any CPU.ActiveCfg = Release|Any CPU
		{71365983-C11F-458E-89EA-BC2CEDB8C431}.Release|Any CPU.Build.0 = Release|Any CPU
		{CE380B5F-85FB-4512-BF1F-155851225C11}.Debug|Any CPU.ActiveCfg = Debug|Any CPU
		{CE380B5F-85FB-4512-BF1F-155851225C11}.Debug|Any CPU.Build.0 = Debug|Any CPU
		{CE380B5F-85FB-4512-BF1F-155851225C11}.Release|Any CPU.ActiveCfg = Release|Any CPU
		{CE380B5F-85FB-4512-BF1F-155851225C11}.Release|Any CPU.Build.0 = Release|Any CPU
		{8EEE98C4-473C-42D4-A2C2-739028534E8A}.Debug|Any CPU.ActiveCfg = Debug|Any CPU
		{8EEE98C4-473C-42D4-A2C2-739028534E8A}.Debug|Any CPU.Build.0 = Debug|Any CPU
		{8EEE98C4-473C-42D4-A2C2-739028534E8A}.Release|Any CPU.ActiveCfg = Release|Any CPU
		{8EEE98C4-473C-42D4-A2C2-739028534E8A}.Release|Any CPU.Build.0 = Release|Any CPU
		{939E4334-99F3-43A0-91F2-05A53E1EF976}.Debug|Any CPU.ActiveCfg = Debug|Any CPU
		{939E4334-99F3-43A0-91F2-05A53E1EF976}.Debug|Any CPU.Build.0 = Debug|Any CPU
		{939E4334-99F3-43A0-91F2-05A53E1EF976}.Release|Any CPU.ActiveCfg = Release|Any CPU
		{939E4334-99F3-43A0-91F2-05A53E1EF976}.Release|Any CPU.Build.0 = Release|Any CPU
		{4B4023C9-99F6-4403-B89F-37618BA50803}.Debug|Any CPU.ActiveCfg = Debug|Any CPU
		{4B4023C9-99F6-4403-B89F-37618BA50803}.Debug|Any CPU.Build.0 = Debug|Any CPU
		{4B4023C9-99F6-4403-B89F-37618BA50803}.Release|Any CPU.ActiveCfg = Release|Any CPU
		{4B4023C9-99F6-4403-B89F-37618BA50803}.Release|Any CPU.Build.0 = Release|Any CPU
		{AE200296-698C-47E8-8A88-3EFDF471BF59}.Debug|Any CPU.ActiveCfg = Debug|Any CPU
		{AE200296-698C-47E8-8A88-3EFDF471BF59}.Debug|Any CPU.Build.0 = Debug|Any CPU
		{AE200296-698C-47E8-8A88-3EFDF471BF59}.Release|Any CPU.ActiveCfg = Release|Any CPU
		{AE200296-698C-47E8-8A88-3EFDF471BF59}.Release|Any CPU.Build.0 = Release|Any CPU
		{63F77FCD-AD3A-4158-A38F-290CD97E0CCD}.Debug|Any CPU.ActiveCfg = Debug|Any CPU
		{63F77FCD-AD3A-4158-A38F-290CD97E0CCD}.Debug|Any CPU.Build.0 = Debug|Any CPU
		{63F77FCD-AD3A-4158-A38F-290CD97E0CCD}.Release|Any CPU.ActiveCfg = Release|Any CPU
		{63F77FCD-AD3A-4158-A38F-290CD97E0CCD}.Release|Any CPU.Build.0 = Release|Any CPU
		{4EC5B72F-52EB-429F-ABEB-CE143A7986FD}.Debug|Any CPU.ActiveCfg = Debug|Any CPU
		{4EC5B72F-52EB-429F-ABEB-CE143A7986FD}.Debug|Any CPU.Build.0 = Debug|Any CPU
		{4EC5B72F-52EB-429F-ABEB-CE143A7986FD}.Release|Any CPU.ActiveCfg = Release|Any CPU
		{4EC5B72F-52EB-429F-ABEB-CE143A7986FD}.Release|Any CPU.Build.0 = Release|Any CPU
	EndGlobalSection
	GlobalSection(SolutionProperties) = preSolution
		HideSolutionNode = FALSE
	EndGlobalSection
	GlobalSection(NestedProjects) = preSolution
		{95C52209-6FAF-41CE-939E-E1789EEAD12E} = {34E60859-EB99-4151-9AF5-355D529D9E92}
		{0C887EEB-81AF-4848-8584-C132A0BBDD6A} = {1E870C31-DCF9-45C9-B47B-80DC7DA6AB67}
		{8A32B7C3-7B81-41B7-918C-2787C08C68F8} = {1E870C31-DCF9-45C9-B47B-80DC7DA6AB67}
		{1A652C98-7AE8-461F-8784-57D67CD5C3A8} = {34E60859-EB99-4151-9AF5-355D529D9E92}
		{CEAF3F02-AEC0-4390-8B71-4ED1E83A6152} = {1E870C31-DCF9-45C9-B47B-80DC7DA6AB67}
		{49DCA96D-B76F-4721-9D64-FADC719A25E5} = {1E870C31-DCF9-45C9-B47B-80DC7DA6AB67}
		{88B74752-2447-4D8C-B1DB-3D4BC35D0CCC} = {1E870C31-DCF9-45C9-B47B-80DC7DA6AB67}
		{7F4A96D2-5B64-4553-ACBF-CFC8129E2BEB} = {1E870C31-DCF9-45C9-B47B-80DC7DA6AB67}
		{4CC55980-D0B9-4A4D-A4A5-7EE2390ACE00} = {1E870C31-DCF9-45C9-B47B-80DC7DA6AB67}
		{447E6C1C-D13D-4E69-A299-179064761B1B} = {1E870C31-DCF9-45C9-B47B-80DC7DA6AB67}
		{68E100CB-F3EE-41C1-9015-F50DAF0E86C3} = {1E870C31-DCF9-45C9-B47B-80DC7DA6AB67}
		{0ABA4D31-D337-46BE-94ED-A2108C6E5851} = {1E870C31-DCF9-45C9-B47B-80DC7DA6AB67}
		{1904B36D-4C50-4F9A-9EF4-52811E50E77F} = {1E870C31-DCF9-45C9-B47B-80DC7DA6AB67}
		{55EAAFEC-A4D0-43C4-8B0A-CB60111C2954} = {1E870C31-DCF9-45C9-B47B-80DC7DA6AB67}
		{8E12B73D-5A14-484A-9B30-0E15CD483D6E} = {EE2CBBD6-C3E5-4E05-B6CC-49C5FA730D52}
		{F1CF99BF-C0D2-4028-A935-A97423B4FFB3} = {EE2CBBD6-C3E5-4E05-B6CC-49C5FA730D52}
		{FDB93C57-C582-4001-BC42-BB6B1D0B2400} = {1E870C31-DCF9-45C9-B47B-80DC7DA6AB67}
		{70626D2D-9EEB-4095-A4B2-FE26DA38F679} = {EE2CBBD6-C3E5-4E05-B6CC-49C5FA730D52}
		{E51499EA-7F18-4606-9E55-D6E10D02C0BC} = {EE2CBBD6-C3E5-4E05-B6CC-49C5FA730D52}
		{F6DF8D18-13DB-44DD-9069-B4926C1B8AED} = {EE2CBBD6-C3E5-4E05-B6CC-49C5FA730D52}
		{FF41627F-04E5-40A1-BE38-A08558D9514B} = {DFFA0AC1-1519-4B41-B4D6-0DC430CBB8A3}
		{C09F1C09-4EB6-4075-87F9-BBADEE00A1B5} = {DFFA0AC1-1519-4B41-B4D6-0DC430CBB8A3}
		{E961486C-0308-454E-8DA7-27F04712C06D} = {DFFA0AC1-1519-4B41-B4D6-0DC430CBB8A3}
		{0E82D670-2EE7-4363-B944-8FBC5F042D8C} = {DFFA0AC1-1519-4B41-B4D6-0DC430CBB8A3}
		{DFFA0AC1-1519-4B41-B4D6-0DC430CBB8A3} = {1E870C31-DCF9-45C9-B47B-80DC7DA6AB67}
		{EE2CBBD6-C3E5-4E05-B6CC-49C5FA730D52} = {1E870C31-DCF9-45C9-B47B-80DC7DA6AB67}
		{E2B71204-3227-4102-B08F-4A01516004E7} = {DFFA0AC1-1519-4B41-B4D6-0DC430CBB8A3}
		{3F9CB67D-22A2-4914-809F-D9A4243485DE} = {DFFA0AC1-1519-4B41-B4D6-0DC430CBB8A3}
		{89D0DCB9-1294-4EA3-99BE-5E64376E03FA} = {DFFA0AC1-1519-4B41-B4D6-0DC430CBB8A3}
		{788B8A3A-2E8E-4833-A26E-B109EE8D0745} = {DFFA0AC1-1519-4B41-B4D6-0DC430CBB8A3}
		{5CEBF5CD-9CE9-4663-BB78-60477BB73286} = {DFFA0AC1-1519-4B41-B4D6-0DC430CBB8A3}
		{A90DE91F-E571-461A-AF20-13B7543A8BC0} = {DFFA0AC1-1519-4B41-B4D6-0DC430CBB8A3}
		{5E3F520E-A032-4EF4-9BD7-756B2AA9318B} = {DFFA0AC1-1519-4B41-B4D6-0DC430CBB8A3}
		{C8418EFF-388C-4684-86EC-EBB49F54C538} = {DFFA0AC1-1519-4B41-B4D6-0DC430CBB8A3}
		{A3ED559C-C722-45AE-AEAD-046AA27A707D} = {1E870C31-DCF9-45C9-B47B-80DC7DA6AB67}
		{85E41A85-3AE4-43A6-9BAB-BDA6F0D22419} = {A3ED559C-C722-45AE-AEAD-046AA27A707D}
		{802E82DE-8824-435D-A715-6D109DF01F00} = {A3ED559C-C722-45AE-AEAD-046AA27A707D}
		{652B6960-4447-478C-BC64-A5AF2A651922} = {A3ED559C-C722-45AE-AEAD-046AA27A707D}
		{160F6740-3402-4539-8582-EDCDF0DE8270} = {A3ED559C-C722-45AE-AEAD-046AA27A707D}
		{9028EA46-B26D-45E1-BBBB-E32BDE90DD1A} = {A3ED559C-C722-45AE-AEAD-046AA27A707D}
		{87FD6876-4FD9-4A6D-AC7E-003F483C459D} = {A3ED559C-C722-45AE-AEAD-046AA27A707D}
		{09560000-7CFC-423D-B1A2-7B5DAB778F45} = {A3ED559C-C722-45AE-AEAD-046AA27A707D}
		{4D314C66-BE16-40E1-B2EB-85ACE84F067E} = {A3ED559C-C722-45AE-AEAD-046AA27A707D}
		{DDA7C3B8-062C-422B-B4A3-DEBC574303C6} = {A3ED559C-C722-45AE-AEAD-046AA27A707D}
		{4B0D4ACF-AEF9-46C0-B381-8B90142CE410} = {A3ED559C-C722-45AE-AEAD-046AA27A707D}
		{0A634B8F-0DFD-4F9E-BAF3-93BAE8911047} = {A3ED559C-C722-45AE-AEAD-046AA27A707D}
		{C836B9BD-2ECD-4D7C-A852-09E88C0642B0} = {A3ED559C-C722-45AE-AEAD-046AA27A707D}
		{7E458C7C-5240-4656-9E85-65833F5B4E9D} = {A3ED559C-C722-45AE-AEAD-046AA27A707D}
		{F0C7AE2B-F09A-4515-901B-42DD06B171E6} = {1E870C31-DCF9-45C9-B47B-80DC7DA6AB67}
		{C5EC316E-5D52-460C-8938-82DBF5B8A589} = {F0C7AE2B-F09A-4515-901B-42DD06B171E6}
		{AC3BC20A-A3E9-4984-BFD3-D149F439D12F} = {F0C7AE2B-F09A-4515-901B-42DD06B171E6}
		{00357F6D-CA6F-49A1-B027-AC319450AC33} = {F0C7AE2B-F09A-4515-901B-42DD06B171E6}
		{8872C87F-1CF1-4955-A02B-D779A6041D92} = {F0C7AE2B-F09A-4515-901B-42DD06B171E6}
		{9ACA0681-556F-4EDB-A0C9-B04B4271B002} = {1E870C31-DCF9-45C9-B47B-80DC7DA6AB67}
		{AC5A02DA-C404-485F-84F4-469E75675F12} = {9ACA0681-556F-4EDB-A0C9-B04B4271B002}
		{71365983-C11F-458E-89EA-BC2CEDB8C431} = {9ACA0681-556F-4EDB-A0C9-B04B4271B002}
		{CE380B5F-85FB-4512-BF1F-155851225C11} = {1E870C31-DCF9-45C9-B47B-80DC7DA6AB67}
		{8EEE98C4-473C-42D4-A2C2-739028534E8A} = {1E870C31-DCF9-45C9-B47B-80DC7DA6AB67}
		{939E4334-99F3-43A0-91F2-05A53E1EF976} = {1E870C31-DCF9-45C9-B47B-80DC7DA6AB67}
		{4B4023C9-99F6-4403-B89F-37618BA50803} = {1E870C31-DCF9-45C9-B47B-80DC7DA6AB67}
		{AE200296-698C-47E8-8A88-3EFDF471BF59} = {1E870C31-DCF9-45C9-B47B-80DC7DA6AB67}
		{63F77FCD-AD3A-4158-A38F-290CD97E0CCD} = {1E870C31-DCF9-45C9-B47B-80DC7DA6AB67}
		{4EC5B72F-52EB-429F-ABEB-CE143A7986FD} = {1E870C31-DCF9-45C9-B47B-80DC7DA6AB67}
	EndGlobalSection
	GlobalSection(ExtensibilityGlobals) = postSolution
		SolutionGuid = {D6BE9F45-BE44-4BFC-86F8-2E77FDF990E0}
	EndGlobalSection
EndGlobal
