
Microsoft Visual Studio Solution File, Format Version 12.00
# Visual Studio Version 16
VisualStudioVersion = 16.0.30907.101
MinimumVisualStudioVersion = 10.0.40219.1
Project("{2150E333-8FDC-42A3-9474-1A3956D46DE8}") = "Libraries", "Libraries", "{34E60859-EB99-4151-9AF5-355D529D9E92}"
EndProject
Project("{2150E333-8FDC-42A3-9474-1A3956D46DE8}") = "Lessons", "Lessons", "{1E870C31-DCF9-45C9-B47B-80DC7DA6AB67}"
EndProject
Project("{9A19103F-16F7-4668-BE54-9A1E7A4F7556}") = "UseGC", "Libraries\UseGC\UseGC.csproj", "{95C52209-6FAF-41CE-939E-E1789EEAD12E}"
EndProject
Project("{9A19103F-16F7-4668-BE54-9A1E7A4F7556}") = "01Variables", "Lessons\01Variables\01Variables.csproj", "{0C887EEB-81AF-4848-8584-C132A0BBDD6A}"
	ProjectSection(ProjectDependencies) = postProject
		{95C52209-6FAF-41CE-939E-E1789EEAD12E} = {95C52209-6FAF-41CE-939E-E1789EEAD12E}
	EndProjectSection
EndProject
Project("{9A19103F-16F7-4668-BE54-9A1E7A4F7556}") = "02Classes", "Lessons\02Classes\02Classes.csproj", "{8A32B7C3-7B81-41B7-918C-2787C08C68F8}"
EndProject
Project("{9A19103F-16F7-4668-BE54-9A1E7A4F7556}") = "Records", "Libraries\Records\Records.csproj", "{1A652C98-7AE8-461F-8784-57D67CD5C3A8}"
EndProject
Project("{9A19103F-16F7-4668-BE54-9A1E7A4F7556}") = "03Delegate", "Lessons\03Delegate\03Delegate.csproj", "{CEAF3F02-AEC0-4390-8B71-4ED1E83A6152}"
EndProject
Project("{9A19103F-16F7-4668-BE54-9A1E7A4F7556}") = "03Delegate.Events", "Lessons\03Delegate.Events\03Delegate.Events.csproj", "{49DCA96D-B76F-4721-9D64-FADC719A25E5}"
EndProject
Project("{9A19103F-16F7-4668-BE54-9A1E7A4F7556}") = "03Delegate.Funcs", "Lessons\03Delegate.Funcs\03Delegate.Funcs.csproj", "{88B74752-2447-4D8C-B1DB-3D4BC35D0CCC}"
EndProject
Project("{9A19103F-16F7-4668-BE54-9A1E7A4F7556}") = "04Generic", "Lessons\04Generic\04Generic.csproj", "{7F4A96D2-5B64-4553-ACBF-CFC8129E2BEB}"
EndProject
Project("{9A19103F-16F7-4668-BE54-9A1E7A4F7556}") = "05Enumerations", "Lessons\05Enumerables\05Enumerations.csproj", "{7691B166-71CE-4A05-B9D0-ACA801B318DA}"
EndProject
Project("{9A19103F-16F7-4668-BE54-9A1E7A4F7556}") = "05Enumerations.Index", "Lessons\05Enumerations.Index\05Enumerations.Index.csproj", "{55DE4B04-C479-4CEB-98BD-1A2EBBFC71E9}"
EndProject
Project("{9A19103F-16F7-4668-BE54-9A1E7A4F7556}") = "05Enumerations.lab01", "Lessons\05Enumerations.lab01\05Enumerations.lab01.csproj", "{4CC55980-D0B9-4A4D-A4A5-7EE2390ACE00}"
EndProject
Project("{9A19103F-16F7-4668-BE54-9A1E7A4F7556}") = "06LINQ", "Lessons\06LINQ\06LINQ.csproj", "{447E6C1C-D13D-4E69-A299-179064761B1B}"
EndProject
Project("{FAE04EC0-301F-11D3-BF4B-00C04F79EFBC}") = "06LINQ.Join", "Lessons\06LINQ.Join\06LINQ.Join.csproj", "{68E100CB-F3EE-41C1-9015-F50DAF0E86C3}"
EndProject
Global
	GlobalSection(SolutionConfigurationPlatforms) = preSolution
		Debug|Any CPU = Debug|Any CPU
		Release|Any CPU = Release|Any CPU
	EndGlobalSection
	GlobalSection(ProjectConfigurationPlatforms) = postSolution
		{95C52209-6FAF-41CE-939E-E1789EEAD12E}.Debug|Any CPU.ActiveCfg = Debug|Any CPU
		{95C52209-6FAF-41CE-939E-E1789EEAD12E}.Debug|Any CPU.Build.0 = Debug|Any CPU
		{95C52209-6FAF-41CE-939E-E1789EEAD12E}.Release|Any CPU.ActiveCfg = Release|Any CPU
		{95C52209-6FAF-41CE-939E-E1789EEAD12E}.Release|Any CPU.Build.0 = Release|Any CPU
		{0C887EEB-81AF-4848-8584-C132A0BBDD6A}.Debug|Any CPU.ActiveCfg = Debug|Any CPU
		{0C887EEB-81AF-4848-8584-C132A0BBDD6A}.Debug|Any CPU.Build.0 = Debug|Any CPU
		{0C887EEB-81AF-4848-8584-C132A0BBDD6A}.Release|Any CPU.ActiveCfg = Release|Any CPU
		{0C887EEB-81AF-4848-8584-C132A0BBDD6A}.Release|Any CPU.Build.0 = Release|Any CPU
		{8A32B7C3-7B81-41B7-918C-2787C08C68F8}.Debug|Any CPU.ActiveCfg = Debug|Any CPU
		{8A32B7C3-7B81-41B7-918C-2787C08C68F8}.Debug|Any CPU.Build.0 = Debug|Any CPU
		{8A32B7C3-7B81-41B7-918C-2787C08C68F8}.Release|Any CPU.ActiveCfg = Release|Any CPU
		{8A32B7C3-7B81-41B7-918C-2787C08C68F8}.Release|Any CPU.Build.0 = Release|Any CPU
		{1A652C98-7AE8-461F-8784-57D67CD5C3A8}.Debug|Any CPU.ActiveCfg = Debug|Any CPU
		{1A652C98-7AE8-461F-8784-57D67CD5C3A8}.Debug|Any CPU.Build.0 = Debug|Any CPU
		{1A652C98-7AE8-461F-8784-57D67CD5C3A8}.Release|Any CPU.ActiveCfg = Release|Any CPU
		{1A652C98-7AE8-461F-8784-57D67CD5C3A8}.Release|Any CPU.Build.0 = Release|Any CPU
		{CEAF3F02-AEC0-4390-8B71-4ED1E83A6152}.Debug|Any CPU.ActiveCfg = Debug|Any CPU
		{CEAF3F02-AEC0-4390-8B71-4ED1E83A6152}.Debug|Any CPU.Build.0 = Debug|Any CPU
		{CEAF3F02-AEC0-4390-8B71-4ED1E83A6152}.Release|Any CPU.ActiveCfg = Release|Any CPU
		{CEAF3F02-AEC0-4390-8B71-4ED1E83A6152}.Release|Any CPU.Build.0 = Release|Any CPU
		{49DCA96D-B76F-4721-9D64-FADC719A25E5}.Debug|Any CPU.ActiveCfg = Debug|Any CPU
		{49DCA96D-B76F-4721-9D64-FADC719A25E5}.Debug|Any CPU.Build.0 = Debug|Any CPU
		{49DCA96D-B76F-4721-9D64-FADC719A25E5}.Release|Any CPU.ActiveCfg = Release|Any CPU
		{49DCA96D-B76F-4721-9D64-FADC719A25E5}.Release|Any CPU.Build.0 = Release|Any CPU
		{88B74752-2447-4D8C-B1DB-3D4BC35D0CCC}.Debug|Any CPU.ActiveCfg = Debug|Any CPU
		{88B74752-2447-4D8C-B1DB-3D4BC35D0CCC}.Debug|Any CPU.Build.0 = Debug|Any CPU
		{88B74752-2447-4D8C-B1DB-3D4BC35D0CCC}.Release|Any CPU.ActiveCfg = Release|Any CPU
		{88B74752-2447-4D8C-B1DB-3D4BC35D0CCC}.Release|Any CPU.Build.0 = Release|Any CPU
		{7F4A96D2-5B64-4553-ACBF-CFC8129E2BEB}.Debug|Any CPU.ActiveCfg = Debug|Any CPU
		{7F4A96D2-5B64-4553-ACBF-CFC8129E2BEB}.Debug|Any CPU.Build.0 = Debug|Any CPU
		{7F4A96D2-5B64-4553-ACBF-CFC8129E2BEB}.Release|Any CPU.ActiveCfg = Release|Any CPU
		{7F4A96D2-5B64-4553-ACBF-CFC8129E2BEB}.Release|Any CPU.Build.0 = Release|Any CPU
		{7691B166-71CE-4A05-B9D0-ACA801B318DA}.Debug|Any CPU.ActiveCfg = Debug|Any CPU
		{7691B166-71CE-4A05-B9D0-ACA801B318DA}.Debug|Any CPU.Build.0 = Debug|Any CPU
		{7691B166-71CE-4A05-B9D0-ACA801B318DA}.Release|Any CPU.ActiveCfg = Release|Any CPU
		{7691B166-71CE-4A05-B9D0-ACA801B318DA}.Release|Any CPU.Build.0 = Release|Any CPU
		{55DE4B04-C479-4CEB-98BD-1A2EBBFC71E9}.Debug|Any CPU.ActiveCfg = Debug|Any CPU
		{55DE4B04-C479-4CEB-98BD-1A2EBBFC71E9}.Debug|Any CPU.Build.0 = Debug|Any CPU
		{55DE4B04-C479-4CEB-98BD-1A2EBBFC71E9}.Release|Any CPU.ActiveCfg = Release|Any CPU
		{55DE4B04-C479-4CEB-98BD-1A2EBBFC71E9}.Release|Any CPU.Build.0 = Release|Any CPU
		{4CC55980-D0B9-4A4D-A4A5-7EE2390ACE00}.Debug|Any CPU.ActiveCfg = Debug|Any CPU
		{4CC55980-D0B9-4A4D-A4A5-7EE2390ACE00}.Debug|Any CPU.Build.0 = Debug|Any CPU
		{4CC55980-D0B9-4A4D-A4A5-7EE2390ACE00}.Release|Any CPU.ActiveCfg = Release|Any CPU
		{4CC55980-D0B9-4A4D-A4A5-7EE2390ACE00}.Release|Any CPU.Build.0 = Release|Any CPU
		{447E6C1C-D13D-4E69-A299-179064761B1B}.Debug|Any CPU.ActiveCfg = Debug|Any CPU
		{447E6C1C-D13D-4E69-A299-179064761B1B}.Debug|Any CPU.Build.0 = Debug|Any CPU
		{447E6C1C-D13D-4E69-A299-179064761B1B}.Release|Any CPU.ActiveCfg = Release|Any CPU
		{447E6C1C-D13D-4E69-A299-179064761B1B}.Release|Any CPU.Build.0 = Release|Any CPU
		{68E100CB-F3EE-41C1-9015-F50DAF0E86C3}.Debug|Any CPU.ActiveCfg = Debug|Any CPU
		{68E100CB-F3EE-41C1-9015-F50DAF0E86C3}.Debug|Any CPU.Build.0 = Debug|Any CPU
		{68E100CB-F3EE-41C1-9015-F50DAF0E86C3}.Release|Any CPU.ActiveCfg = Release|Any CPU
		{68E100CB-F3EE-41C1-9015-F50DAF0E86C3}.Release|Any CPU.Build.0 = Release|Any CPU
	EndGlobalSection
	GlobalSection(SolutionProperties) = preSolution
		HideSolutionNode = FALSE
	EndGlobalSection
	GlobalSection(NestedProjects) = preSolution
		{95C52209-6FAF-41CE-939E-E1789EEAD12E} = {34E60859-EB99-4151-9AF5-355D529D9E92}
		{0C887EEB-81AF-4848-8584-C132A0BBDD6A} = {1E870C31-DCF9-45C9-B47B-80DC7DA6AB67}
		{8A32B7C3-7B81-41B7-918C-2787C08C68F8} = {1E870C31-DCF9-45C9-B47B-80DC7DA6AB67}
		{1A652C98-7AE8-461F-8784-57D67CD5C3A8} = {34E60859-EB99-4151-9AF5-355D529D9E92}
		{CEAF3F02-AEC0-4390-8B71-4ED1E83A6152} = {1E870C31-DCF9-45C9-B47B-80DC7DA6AB67}
		{49DCA96D-B76F-4721-9D64-FADC719A25E5} = {1E870C31-DCF9-45C9-B47B-80DC7DA6AB67}
		{88B74752-2447-4D8C-B1DB-3D4BC35D0CCC} = {1E870C31-DCF9-45C9-B47B-80DC7DA6AB67}
		{7F4A96D2-5B64-4553-ACBF-CFC8129E2BEB} = {1E870C31-DCF9-45C9-B47B-80DC7DA6AB67}
		{7691B166-71CE-4A05-B9D0-ACA801B318DA} = {1E870C31-DCF9-45C9-B47B-80DC7DA6AB67}
		{55DE4B04-C479-4CEB-98BD-1A2EBBFC71E9} = {1E870C31-DCF9-45C9-B47B-80DC7DA6AB67}
		{4CC55980-D0B9-4A4D-A4A5-7EE2390ACE00} = {1E870C31-DCF9-45C9-B47B-80DC7DA6AB67}
		{447E6C1C-D13D-4E69-A299-179064761B1B} = {1E870C31-DCF9-45C9-B47B-80DC7DA6AB67}
		{68E100CB-F3EE-41C1-9015-F50DAF0E86C3} = {1E870C31-DCF9-45C9-B47B-80DC7DA6AB67}
	EndGlobalSection
	GlobalSection(ExtensibilityGlobals) = postSolution
		SolutionGuid = {D6BE9F45-BE44-4BFC-86F8-2E77FDF990E0}
	EndGlobalSection
EndGlobal
